<Solution>
  <Folder Name="/src/">
    <Project Path="src/FinanceHogar.API/FinanceHogar.API.csproj" />
    <Project Path="src/FinanceHogar.Application/FinanceHogar.Application.csproj" />
    <Project Path="src/FinanceHogar.Domain/FinanceHogar.Domain.csproj" />
    <Project Path="src/FinanceHogar.Infrastructure/FinanceHogar.Infrastructure.csproj" />
  </Folder>
</Solution>
